
Microsoft Visual Studio Solution File, Format Version 12.00
# Visual Studio Version 16
VisualStudioVersion = 16.0.30717.126
MinimumVisualStudioVersion = 10.0.40219.1
Project("{F184B08F-C81C-45F6-A57F-5ABD9991F28F}") = "Attendance Monitoring System", "Attendance Monitoring System\Attendance Monitoring System.vbproj", "{CCE86DB4-4E9B-4707-A791-70E060FB70E0}"
EndProject
Global
	GlobalSection(SolutionConfigurationPlatforms) = preSolution
		Debug|Any CPU = Debug|Any CPU
		Release|Any CPU = Release|Any CPU
	EndGlobalSection
	GlobalSection(ProjectConfigurationPlatforms) = postSolution
		{CCE86DB4-4E9B-4707-A791-70E060FB70E0}.Debug|Any CPU.ActiveCfg = Debug|Any CPU
		{CCE86DB4-4E9B-4707-A791-70E060FB70E0}.Debug|Any CPU.Build.0 = Debug|Any CPU
		{CCE86DB4-4E9B-4707-A791-70E060FB70E0}.Release|Any CPU.ActiveCfg = Release|Any CPU
		{CCE86DB4-4E9B-4707-A791-70E060FB70E0}.Release|Any CPU.Build.0 = Release|Any CPU
	EndGlobalSection
	GlobalSection(SolutionProperties) = preSolution
		HideSolutionNode = FALSE
	EndGlobalSection
	GlobalSection(ExtensibilityGlobals) = postSolution
		SolutionGuid = {C89D8436-8437-4B42-B977-7C14EEAA3A06}
	EndGlobalSection
EndGlobal
